// !$*UTF8*$!
{
	archiveVersion = 1;
	classes = {
	};
	objectVersion = 51;
	objects = {

/* Begin PBXBuildFile section */
		15049D8D147E73DBFE9A3218 /* Pods_madhacks.framework in Frameworks */ = {isa = PBXBuildFile; fileRef = 371725C3C68120B7F0A729D8 /* Pods_madhacks.framework */; };
		BED351E5235C3E1000833163 /* my_model.mlmodel in Sources */ = {isa = PBXBuildFile; fileRef = BED351E4235C3E1000833163 /* my_model.mlmodel */; };
		BED351EA235C3EC300833163 /* MapController.swift in Sources */ = {isa = PBXBuildFile; fileRef = BED351E7235C3EC300833163 /* MapController.swift */; };
		BED351EB235C3EC300833163 /* PinController.swift in Sources */ = {isa = PBXBuildFile; fileRef = BED351E8235C3EC300833163 /* PinController.swift */; };
		BED351F0235C3F8400833163 /* Main.storyboard in Resources */ = {isa = PBXBuildFile; fileRef = BED351EE235C3F8400833163 /* Main.storyboard */; };
		BED351F1235C3F8400833163 /* LaunchScreen.storyboard in Resources */ = {isa = PBXBuildFile; fileRef = BED351EF235C3F8400833163 /* LaunchScreen.storyboard */; };
		BED351F3235C450600833163 /* GoogleService-Info.plist in Resources */ = {isa = PBXBuildFile; fileRef = BED351F2235C450600833163 /* GoogleService-Info.plist */; };
		BED351F5235C4C1600833163 /* Images in Resources */ = {isa = PBXBuildFile; fileRef = BED351F4235C4C1600833163 /* Images */; };
		BED351F7235CB07200833163 /* UITextField+InputView.swift in Sources */ = {isa = PBXBuildFile; fileRef = BED351F6235CB07200833163 /* UITextField+InputView.swift */; };
		FA675881235B77D000699FD2 /* AppDelegate.swift in Sources */ = {isa = PBXBuildFile; fileRef = FA675880235B77D000699FD2 /* AppDelegate.swift */; };
		FA675883235B77D000699FD2 /* ViewController.swift in Sources */ = {isa = PBXBuildFile; fileRef = FA675882235B77D000699FD2 /* ViewController.swift */; };
		FA675888235B77D100699FD2 /* Assets.xcassets in Resources */ = {isa = PBXBuildFile; fileRef = FA675887235B77D100699FD2 /* Assets.xcassets */; };
/* End PBXBuildFile section */

/* Begin PBXFileReference section */
		371725C3C68120B7F0A729D8 /* Pods_madhacks.framework */ = {isa = PBXFileReference; explicitFileType = wrapper.framework; includeInIndex = 0; path = Pods_madhacks.framework; sourceTree = BUILT_PRODUCTS_DIR; };
		834F9630079B359C76B92879 /* Pods-madhacks.debug.xcconfig */ = {isa = PBXFileReference; includeInIndex = 1; lastKnownFileType = text.xcconfig; name = "Pods-madhacks.debug.xcconfig"; path = "Target Support Files/Pods-madhacks/Pods-madhacks.debug.xcconfig"; sourceTree = "<group>"; };
		9E3D242515A084F85E2A5A9F /* Pods-madhacks.release.xcconfig */ = {isa = PBXFileReference; includeInIndex = 1; lastKnownFileType = text.xcconfig; name = "Pods-madhacks.release.xcconfig"; path = "Target Support Files/Pods-madhacks/Pods-madhacks.release.xcconfig"; sourceTree = "<group>"; };
		BED351E4235C3E1000833163 /* my_model.mlmodel */ = {isa = PBXFileReference; lastKnownFileType = file.mlmodel; name = my_model.mlmodel; path = ../../my_model.mlmodel; sourceTree = "<group>"; };
		BED351E7235C3EC300833163 /* MapController.swift */ = {isa = PBXFileReference; fileEncoding = 4; lastKnownFileType = sourcecode.swift; path = MapController.swift; sourceTree = "<group>"; };
		BED351E8235C3EC300833163 /* PinController.swift */ = {isa = PBXFileReference; fileEncoding = 4; lastKnownFileType = sourcecode.swift; path = PinController.swift; sourceTree = "<group>"; };
		BED351EE235C3F8400833163 /* Main.storyboard */ = {isa = PBXFileReference; fileEncoding = 4; lastKnownFileType = file.storyboard; path = Main.storyboard; sourceTree = "<group>"; };
		BED351EF235C3F8400833163 /* LaunchScreen.storyboard */ = {isa = PBXFileReference; fileEncoding = 4; lastKnownFileType = file.storyboard; path = LaunchScreen.storyboard; sourceTree = "<group>"; };
		BED351F2235C450600833163 /* GoogleService-Info.plist */ = {isa = PBXFileReference; fileEncoding = 4; lastKnownFileType = text.plist.xml; name = "GoogleService-Info.plist"; path = "../../../../Downloads/GoogleService-Info.plist"; sourceTree = "<group>"; };
		BED351F4235C4C1600833163 /* Images */ = {isa = PBXFileReference; lastKnownFileType = folder; path = Images; sourceTree = "<group>"; };
		BED351F6235CB07200833163 /* UITextField+InputView.swift */ = {isa = PBXFileReference; lastKnownFileType = sourcecode.swift; path = "UITextField+InputView.swift"; sourceTree = "<group>"; };
		FA67587D235B77D000699FD2 /* madhacks.app */ = {isa = PBXFileReference; explicitFileType = wrapper.application; includeInIndex = 0; path = madhacks.app; sourceTree = BUILT_PRODUCTS_DIR; };
		FA675880235B77D000699FD2 /* AppDelegate.swift */ = {isa = PBXFileReference; lastKnownFileType = sourcecode.swift; path = AppDelegate.swift; sourceTree = "<group>"; };
		FA675882235B77D000699FD2 /* ViewController.swift */ = {isa = PBXFileReference; lastKnownFileType = sourcecode.swift; path = ViewController.swift; sourceTree = "<group>"; };
		FA675887235B77D100699FD2 /* Assets.xcassets */ = {isa = PBXFileReference; lastKnownFileType = folder.assetcatalog; path = Assets.xcassets; sourceTree = "<group>"; };
		FA67588C235B77D100699FD2 /* Info.plist */ = {isa = PBXFileReference; lastKnownFileType = text.plist.xml; path = Info.plist; sourceTree = "<group>"; };
/* End PBXFileReference section */

/* Begin PBXFrameworksBuildPhase section */
		FA67587A235B77D000699FD2 /* Frameworks */ = {
			isa = PBXFrameworksBuildPhase;
			buildActionMask = 2147483647;
			files = (
				15049D8D147E73DBFE9A3218 /* Pods_madhacks.framework in Frameworks */,
			);
			runOnlyForDeploymentPostprocessing = 0;
		};
/* End PBXFrameworksBuildPhase section */

/* Begin PBXGroup section */
		556833177D849D3B524ECA46 /* Frameworks */ = {
			isa = PBXGroup;
			children = (
				371725C3C68120B7F0A729D8 /* Pods_madhacks.framework */,
			);
			name = Frameworks;
			sourceTree = "<group>";
		};
		6F7DFAC8BEB177CD9824150B /* Pods */ = {
			isa = PBXGroup;
			children = (
				834F9630079B359C76B92879 /* Pods-madhacks.debug.xcconfig */,
				9E3D242515A084F85E2A5A9F /* Pods-madhacks.release.xcconfig */,
			);
			path = Pods;
			sourceTree = "<group>";
		};
		FA675874235B77D000699FD2 = {
			isa = PBXGroup;
			children = (
				FA67587F235B77D000699FD2 /* madhacks */,
				FA67587E235B77D000699FD2 /* Products */,
				6F7DFAC8BEB177CD9824150B /* Pods */,
				556833177D849D3B524ECA46 /* Frameworks */,
			);
			sourceTree = "<group>";
		};
		FA67587E235B77D000699FD2 /* Products */ = {
			isa = PBXGroup;
			children = (
				FA67587D235B77D000699FD2 /* madhacks.app */,
			);
			name = Products;
			sourceTree = "<group>";
		};
		FA67587F235B77D000699FD2 /* madhacks */ = {
			isa = PBXGroup;
			children = (
				BED351F4235C4C1600833163 /* Images */,
				BED351F2235C450600833163 /* GoogleService-Info.plist */,
				BED351E7235C3EC300833163 /* MapController.swift */,
				BED351E8235C3EC300833163 /* PinController.swift */,
				BED351E4235C3E1000833163 /* my_model.mlmodel */,
				BED351F6235CB07200833163 /* UITextField+InputView.swift */,
				FA675880235B77D000699FD2 /* AppDelegate.swift */,
				FA675882235B77D000699FD2 /* ViewController.swift */,
				BED351EF235C3F8400833163 /* LaunchScreen.storyboard */,
				BED351EE235C3F8400833163 /* Main.storyboard */,
				FA675887235B77D100699FD2 /* Assets.xcassets */,
				FA67588C235B77D100699FD2 /* Info.plist */,
			);
			path = madhacks;
			sourceTree = "<group>";
		};
/* End PBXGroup section */

/* Begin PBXNativeTarget section */
		FA67587C235B77D000699FD2 /* madhacks */ = {
			isa = PBXNativeTarget;
			buildConfigurationList = FA67588F235B77D100699FD2 /* Build configuration list for PBXNativeTarget "madhacks" */;
			buildPhases = (
				BB7F756E6F10E42CECB7682C /* [CP] Check Pods Manifest.lock */,
				FA675879235B77D000699FD2 /* Sources */,
				FA67587A235B77D000699FD2 /* Frameworks */,
				FA67587B235B77D000699FD2 /* Resources */,
				27BF3A9D0845EA2BA297AA2D /* [CP] Embed Pods Frameworks */,
			);
			buildRules = (
			);
			dependencies = (
			);
			name = madhacks;
			productName = madhacks;
			productReference = FA67587D235B77D000699FD2 /* madhacks.app */;
			productType = "com.apple.product-type.application";
		};
/* End PBXNativeTarget section */

/* Begin PBXProject section */
		FA675875235B77D000699FD2 /* Project object */ = {
			isa = PBXProject;
			attributes = {
				LastSwiftUpdateCheck = 1030;
				LastUpgradeCheck = 1030;
				ORGANIZATIONNAME = "Alex Ionkov";
				TargetAttributes = {
					FA67587C235B77D000699FD2 = {
						CreatedOnToolsVersion = 10.3;
					};
				};
			};
			buildConfigurationList = FA675878235B77D000699FD2 /* Build configuration list for PBXProject "madhacks" */;
			compatibilityVersion = "Xcode 9.3";
			developmentRegion = en;
			hasScannedForEncodings = 0;
			knownRegions = (
				en,
				Base,
			);
			mainGroup = FA675874235B77D000699FD2;
			productRefGroup = FA67587E235B77D000699FD2 /* Products */;
			projectDirPath = "";
			projectRoot = "";
			targets = (
				FA67587C235B77D000699FD2 /* madhacks */,
			);
		};
/* End PBXProject section */

/* Begin PBXResourcesBuildPhase section */
		FA67587B235B77D000699FD2 /* Resources */ = {
			isa = PBXResourcesBuildPhase;
			buildActionMask = 2147483647;
			files = (
				BED351F5235C4C1600833163 /* Images in Resources */,
				BED351F1235C3F8400833163 /* LaunchScreen.storyboard in Resources */,
				BED351F3235C450600833163 /* GoogleService-Info.plist in Resources */,
				FA675888235B77D100699FD2 /* Assets.xcassets in Resources */,
				BED351F0235C3F8400833163 /* Main.storyboard in Resources */,
			);
			runOnlyForDeploymentPostprocessing = 0;
		};
/* End PBXResourcesBuildPhase section */

/* Begin PBXShellScriptBuildPhase section */
		27BF3A9D0845EA2BA297AA2D /* [CP] Embed Pods Frameworks */ = {
			isa = PBXShellScriptBuildPhase;
			buildActionMask = 2147483647;
			files = (
			);
			inputFileListPaths = (
				"${PODS_ROOT}/Target Support Files/Pods-madhacks/Pods-madhacks-frameworks-${CONFIGURATION}-input-files.xcfilelist",
			);
			name = "[CP] Embed Pods Frameworks";
			outputFileListPaths = (
				"${PODS_ROOT}/Target Support Files/Pods-madhacks/Pods-madhacks-frameworks-${CONFIGURATION}-output-files.xcfilelist",
			);
			runOnlyForDeploymentPostprocessing = 0;
			shellPath = /bin/sh;
			shellScript = "\"${PODS_ROOT}/Target Support Files/Pods-madhacks/Pods-madhacks-frameworks.sh\"\n";
			showEnvVarsInLog = 0;
		};
		BB7F756E6F10E42CECB7682C /* [CP] Check Pods Manifest.lock */ = {
			isa = PBXShellScriptBuildPhase;
			buildActionMask = 2147483647;
			files = (
			);
			inputFileListPaths = (
			);
			inputPaths = (
				"${PODS_PODFILE_DIR_PATH}/Podfile.lock",
				"${PODS_ROOT}/Manifest.lock",
			);
			name = "[CP] Check Pods Manifest.lock";
			outputFileListPaths = (
			);
			outputPaths = (
				"$(DERIVED_FILE_DIR)/Pods-madhacks-checkManifestLockResult.txt",
			);
			runOnlyForDeploymentPostprocessing = 0;
			shellPath = /bin/sh;
			shellScript = "diff \"${PODS_PODFILE_DIR_PATH}/Podfile.lock\" \"${PODS_ROOT}/Manifest.lock\" > /dev/null\nif [ $? != 0 ] ; then\n    # print error to STDERR\n    echo \"error: The sandbox is not in sync with the Podfile.lock. Run 'pod install' or update your CocoaPods installation.\" >&2\n    exit 1\nfi\n# This output is used by Xcode 'outputs' to avoid re-running this script phase.\necho \"SUCCESS\" > \"${SCRIPT_OUTPUT_FILE_0}\"\n";
			showEnvVarsInLog = 0;
		};
/* End PBXShellScriptBuildPhase section */

/* Begin PBXSourcesBuildPhase section */
		FA675879235B77D000699FD2 /* Sources */ = {
			isa = PBXSourcesBuildPhase;
			buildActionMask = 2147483647;
			files = (
				BED351EA235C3EC300833163 /* MapController.swift in Sources */,
				FA675883235B77D000699FD2 /* ViewController.swift in Sources */,
				FA675881235B77D000699FD2 /* AppDelegate.swift in Sources */,
				BED351E5235C3E1000833163 /* my_model.mlmodel in Sources */,
				BED351EB235C3EC300833163 /* PinController.swift in Sources */,
				BED351F7235CB07200833163 /* UITextField+InputView.swift in Sources */,
			);
			runOnlyForDeploymentPostprocessing = 0;
		};
/* End PBXSourcesBuildPhase section */

/* Begin XCBuildConfiguration section */
		FA67588D235B77D100699FD2 /* Debug */ = {
			isa = XCBuildConfiguration;
			buildSettings = {
				ALWAYS_SEARCH_USER_PATHS = NO;
				CLANG_ANALYZER_NONNULL = YES;
				CLANG_ANALYZER_NUMBER_OBJECT_CONVERSION = YES_AGGRESSIVE;
				CLANG_CXX_LANGUAGE_STANDARD = "gnu++14";
				CLANG_CXX_LIBRARY = "libc++";
				CLANG_ENABLE_MODULES = YES;
				CLANG_ENABLE_OBJC_ARC = YES;
				CLANG_ENABLE_OBJC_WEAK = YES;
				CLANG_WARN_BLOCK_CAPTURE_AUTORELEASING = YES;
				CLANG_WARN_BOOL_CONVERSION = YES;
				CLANG_WARN_COMMA = YES;
				CLANG_WARN_CONSTANT_CONVERSION = YES;
				CLANG_WARN_DEPRECATED_OBJC_IMPLEMENTATIONS = YES;
				CLANG_WARN_DIRECT_OBJC_ISA_USAGE = YES_ERROR;
				CLANG_WARN_DOCUMENTATION_COMMENTS = YES;
				CLANG_WARN_EMPTY_BODY = YES;
				CLANG_WARN_ENUM_CONVERSION = YES;
				CLANG_WARN_INFINITE_RECURSION = YES;
				CLANG_WARN_INT_CONVERSION = YES;
				CLANG_WARN_NON_LITERAL_NULL_CONVERSION = YES;
				CLANG_WARN_OBJC_IMPLICIT_RETAIN_SELF = YES;
				CLANG_WARN_OBJC_LITERAL_CONVERSION = YES;
				CLANG_WARN_OBJC_ROOT_CLASS = YES_ERROR;
				CLANG_WARN_RANGE_LOOP_ANALYSIS = YES;
				CLANG_WARN_STRICT_PROTOTYPES = YES;
				CLANG_WARN_SUSPICIOUS_MOVE = YES;
				CLANG_WARN_UNGUARDED_AVAILABILITY = YES_AGGRESSIVE;
				CLANG_WARN_UNREACHABLE_CODE = YES;
				CLANG_WARN__DUPLICATE_METHOD_MATCH = YES;
				CODE_SIGN_IDENTITY = "iPhone Developer";
				COPY_PHASE_STRIP = NO;
				DEBUG_INFORMATION_FORMAT = dwarf;
				ENABLE_STRICT_OBJC_MSGSEND = YES;
				ENABLE_TESTABILITY = YES;
				GCC_C_LANGUAGE_STANDARD = gnu11;
				GCC_DYNAMIC_NO_PIC = NO;
				GCC_NO_COMMON_BLOCKS = YES;
				GCC_OPTIMIZATION_LEVEL = 0;
				GCC_PREPROCESSOR_DEFINITIONS = (
					"DEBUG=1",
					"$(inherited)",
				);
				GCC_WARN_64_TO_32_BIT_CONVERSION = YES;
				GCC_WARN_ABOUT_RETURN_TYPE = YES_ERROR;
				GCC_WARN_UNDECLARED_SELECTOR = YES;
				GCC_WARN_UNINITIALIZED_AUTOS = YES_AGGRESSIVE;
				GCC_WARN_UNUSED_FUNCTION = YES;
				GCC_WARN_UNUSED_VARIABLE = YES;
				IPHONEOS_DEPLOYMENT_TARGET = 12.4;
				MTL_ENABLE_DEBUG_INFO = INCLUDE_SOURCE;
				MTL_FAST_MATH = YES;
				ONLY_ACTIVE_ARCH = YES;
				SDKROOT = iphoneos;
				SWIFT_ACTIVE_COMPILATION_CONDITIONS = DEBUG;
				SWIFT_OPTIMIZATION_LEVEL = "-Onone";
			};
			name = Debug;
		};
		FA67588E235B77D100699FD2 /* Release */ = {
			isa = XCBuildConfiguration;
			buildSettings = {
				ALWAYS_SEARCH_USER_PATHS = NO;
				CLANG_ANALYZER_NONNULL = YES;
				CLANG_ANALYZER_NUMBER_OBJECT_CONVERSION = YES_AGGRESSIVE;
				CLANG_CXX_LANGUAGE_STANDARD = "gnu++14";
				CLANG_CXX_LIBRARY = "libc++";
				CLANG_ENABLE_MODULES = YES;
				CLANG_ENABLE_OBJC_ARC = YES;
				CLANG_ENABLE_OBJC_WEAK = YES;
				CLANG_WARN_BLOCK_CAPTURE_AUTORELEASING = YES;
				CLANG_WARN_BOOL_CONVERSION = YES;
				CLANG_WARN_COMMA = YES;
				CLANG_WARN_CONSTANT_CONVERSION = YES;
				CLANG_WARN_DEPRECATED_OBJC_IMPLEMENTATIONS = YES;
				CLANG_WARN_DIRECT_OBJC_ISA_USAGE = YES_ERROR;
				CLANG_WARN_DOCUMENTATION_COMMENTS = YES;
				CLANG_WARN_EMPTY_BODY = YES;
				CLANG_WARN_ENUM_CONVERSION = YES;
				CLANG_WARN_INFINITE_RECURSION = YES;
				CLANG_WARN_INT_CONVERSION = YES;
				CLANG_WARN_NON_LITERAL_NULL_CONVERSION = YES;
				CLANG_WARN_OBJC_IMPLICIT_RETAIN_SELF = YES;
				CLANG_WARN_OBJC_LITERAL_CONVERSION = YES;
				CLANG_WARN_OBJC_ROOT_CLASS = YES_ERROR;
				CLANG_WARN_RANGE_LOOP_ANALYSIS = YES;
				CLANG_WARN_STRICT_PROTOTYPES = YES;
				CLANG_WARN_SUSPICIOUS_MOVE = YES;
				CLANG_WARN_UNGUARDED_AVAILABILITY = YES_AGGRESSIVE;
				CLANG_WARN_UNREACHABLE_CODE = YES;
				CLANG_WARN__DUPLICATE_METHOD_MATCH = YES;
				CODE_SIGN_IDENTITY = "iPhone Developer";
				COPY_PHASE_STRIP = NO;
				DEBUG_INFORMATION_FORMAT = "dwarf-with-dsym";
				ENABLE_NS_ASSERTIONS = NO;
				ENABLE_STRICT_OBJC_MSGSEND = YES;
				GCC_C_LANGUAGE_STANDARD = gnu11;
				GCC_NO_COMMON_BLOCKS = YES;
				GCC_WARN_64_TO_32_BIT_CONVERSION = YES;
				GCC_WARN_ABOUT_RETURN_TYPE = YES_ERROR;
				GCC_WARN_UNDECLARED_SELECTOR = YES;
				GCC_WARN_UNINITIALIZED_AUTOS = YES_AGGRESSIVE;
				GCC_WARN_UNUSED_FUNCTION = YES;
				GCC_WARN_UNUSED_VARIABLE = YES;
				IPHONEOS_DEPLOYMENT_TARGET = 12.4;
				MTL_ENABLE_DEBUG_INFO = NO;
				MTL_FAST_MATH = YES;
				SDKROOT = iphoneos;
				SWIFT_COMPILATION_MODE = wholemodule;
				SWIFT_OPTIMIZATION_LEVEL = "-O";
				VALIDATE_PRODUCT = YES;
			};
			name = Release;
		};
		FA675890235B77D100699FD2 /* Debug */ = {
			isa = XCBuildConfiguration;
			baseConfigurationReference = 834F9630079B359C76B92879 /* Pods-madhacks.debug.xcconfig */;
			buildSettings = {
				ASSETCATALOG_COMPILER_APPICON_NAME = AppIcon;
				CODE_SIGN_STYLE = Automatic;
				DEVELOPMENT_TEAM = EUQ333Q5X2;
				INFOPLIST_FILE = madhacks/Info.plist;
				LD_RUNPATH_SEARCH_PATHS = (
					"$(inherited)",
					"@executable_path/Frameworks",
				);
				PRODUCT_BUNDLE_IDENTIFIER = jas.arproj;
				PRODUCT_NAME = "$(TARGET_NAME)";
				SWIFT_VERSION = 5.0;
				TARGETED_DEVICE_FAMILY = "1,2";
			};
			name = Debug;
		};
		FA675891235B77D100699FD2 /* Release */ = {
			isa = XCBuildConfiguration;
			baseConfigurationReference = 9E3D242515A084F85E2A5A9F /* Pods-madhacks.release.xcconfig */;
			buildSettings = {
				ASSETCATALOG_COMPILER_APPICON_NAME = AppIcon;
				CODE_SIGN_STYLE = Automatic;
				DEVELOPMENT_TEAM = EUQ333Q5X2;
				INFOPLIST_FILE = madhacks/Info.plist;
				LD_RUNPATH_SEARCH_PATHS = (
					"$(inherited)",
					"@executable_path/Frameworks",
				);
				PRODUCT_BUNDLE_IDENTIFIER = jas.arproj;
				PRODUCT_NAME = "$(TARGET_NAME)";
				SWIFT_VERSION = 5.0;
				TARGETED_DEVICE_FAMILY = "1,2";
			};
			name = Release;
		};
/* End XCBuildConfiguration section */

/* Begin XCConfigurationList section */
		FA675878235B77D000699FD2 /* Build configuration list for PBXProject "madhacks" */ = {
			isa = XCConfigurationList;
			buildConfigurations = (
				FA67588D235B77D100699FD2 /* Debug */,
				FA67588E235B77D100699FD2 /* Release */,
			);
			defaultConfigurationIsVisible = 0;
			defaultConfigurationName = Release;
		};
		FA67588F235B77D100699FD2 /* Build configuration list for PBXNativeTarget "madhacks" */ = {
			isa = XCConfigurationList;
			buildConfigurations = (
				FA675890235B77D100699FD2 /* Debug */,
				FA675891235B77D100699FD2 /* Release */,
			);
			defaultConfigurationIsVisible = 0;
			defaultConfigurationName = Release;
		};
/* End XCConfigurationList section */
	};
	rootObject = FA675875235B77D000699FD2 /* Project object */;
}
